
Microsoft Visual Studio Solution File, Format Version 12.00
# Visual Studio Version 17
VisualStudioVersion = 17.0.31912.275
MinimumVisualStudioVersion = 10.0.40219.1
Project("{FAE04EC0-301F-11D3-BF4B-00C04F79EFBC}") = "Techpro_Framework", "Techpro_Framework\Techpro_Framework.csproj", "{F13651AF-7605-499B-9DB4-241474C552B5}"
EndProject
Global
	GlobalSection(SolutionConfigurationPlatforms) = preSolution
		Debug|Any CPU = Debug|Any CPU
		Release|Any CPU = Release|Any CPU
	EndGlobalSection
	GlobalSection(ProjectConfigurationPlatforms) = postSolution
		{F13651AF-7605-499B-9DB4-241474C552B5}.Debug|Any CPU.ActiveCfg = Debug|Any CPU
		{F13651AF-7605-499B-9DB4-241474C552B5}.Debug|Any CPU.Build.0 = Debug|Any CPU
		{F13651AF-7605-499B-9DB4-241474C552B5}.Release|Any CPU.ActiveCfg = Release|Any CPU
		{F13651AF-7605-499B-9DB4-241474C552B5}.Release|Any CPU.Build.0 = Release|Any CPU
	EndGlobalSection
	GlobalSection(SolutionProperties) = preSolution
		HideSolutionNode = FALSE
	EndGlobalSection
	GlobalSection(ExtensibilityGlobals) = postSolution
		SolutionGuid = {D7C777F0-3B2F-495F-9475-130D75EF6859}
	EndGlobalSection
EndGlobal
